{
  "name": "Module3-Blog",
  "lockfileVersion": 2,
  "requires": true,
  "packages": {
    "": {
      "dependencies": {
        "sq": "^0.0.1"
      }
    },
    "node_modules/sq": {
      "version": "0.0.1",
      "resolved": "https://registry.npmjs.org/sq/-/sq-0.0.1.tgz",
      "integrity": "sha512-quzpVklRQBuRwKTBzAPDCqok6MJhERw5etKDWY8JwGR3mjwXsu+/id/5XriKnOwha8azu8PrUyQ6OOCm3tU+Hg=="
    }
  },
  "dependencies": {
    "sq": {
      "version": "0.0.1",
      "resolved": "https://registry.npmjs.org/sq/-/sq-0.0.1.tgz",
      "integrity": "sha512-quzpVklRQBuRwKTBzAPDCqok6MJhERw5etKDWY8JwGR3mjwXsu+/id/5XriKnOwha8azu8PrUyQ6OOCm3tU+Hg=="
    }
  }
}
